
Microsoft Visual Studio Solution File, Format Version 12.00
# Visual Studio Version 16
VisualStudioVersion = 16.0.30002.166
MinimumVisualStudioVersion = 10.0.40219.1
Project("{FAE04EC0-301F-11D3-BF4B-00C04F79EFBC}") = "LotteryPicker", "LotteryPicker\LotteryPicker.csproj", "{9787EC20-1893-4BDA-A68B-EA4CF15EA2CE}"
EndProject
Global
	GlobalSection(SolutionConfigurationPlatforms) = preSolution
		Debug|Any CPU = Debug|Any CPU
		Release|Any CPU = Release|Any CPU
	EndGlobalSection
	GlobalSection(ProjectConfigurationPlatforms) = postSolution
		{9787EC20-1893-4BDA-A68B-EA4CF15EA2CE}.Debug|Any CPU.ActiveCfg = Debug|Any CPU
		{9787EC20-1893-4BDA-A68B-EA4CF15EA2CE}.Debug|Any CPU.Build.0 = Debug|Any CPU
		{9787EC20-1893-4BDA-A68B-EA4CF15EA2CE}.Release|Any CPU.ActiveCfg = Release|Any CPU
		{9787EC20-1893-4BDA-A68B-EA4CF15EA2CE}.Release|Any CPU.Build.0 = Release|Any CPU
	EndGlobalSection
	GlobalSection(SolutionProperties) = preSolution
		HideSolutionNode = FALSE
	EndGlobalSection
	GlobalSection(ExtensibilityGlobals) = postSolution
		SolutionGuid = {8492605E-1B3F-482B-9073-FF12F7F043E1}
	EndGlobalSection
EndGlobal
